
Microsoft Visual Studio Solution File, Format Version 12.00
# Visual Studio 15
VisualStudioVersion = 15.0.28307.168
MinimumVisualStudioVersion = 10.0.40219.1
Project("{9A19103F-16F7-4668-BE54-9A1E7A4F7556}") = "RelationshipsExtendedMVCHelper", "RelationshipsExtendedMVCHelper.csproj", "{59DF42B9-C9D2-4FE9-8A45-8BA033826D3F}"
EndProject
Project("{9A19103F-16F7-4668-BE54-9A1E7A4F7556}") = "RelationshipsExtendedBase", "..\RelationshipsExtendedBase\RelationshipsExtendedBase.csproj", "{8EDB993A-A284-4977-A7FF-DD39F75BF957}"
EndProject
Global
	GlobalSection(SolutionConfigurationPlatforms) = preSolution
		Debug|Any CPU = Debug|Any CPU
		Release|Any CPU = Release|Any CPU
	EndGlobalSection
	GlobalSection(ProjectConfigurationPlatforms) = postSolution
		{59DF42B9-C9D2-4FE9-8A45-8BA033826D3F}.Debug|Any CPU.ActiveCfg = Debug|Any CPU
		{59DF42B9-C9D2-4FE9-8A45-8BA033826D3F}.Debug|Any CPU.Build.0 = Debug|Any CPU
		{59DF42B9-C9D2-4FE9-8A45-8BA033826D3F}.Release|Any CPU.ActiveCfg = Release|Any CPU
		{59DF42B9-C9D2-4FE9-8A45-8BA033826D3F}.Release|Any CPU.Build.0 = Release|Any CPU
		{8EDB993A-A284-4977-A7FF-DD39F75BF957}.Debug|Any CPU.ActiveCfg = Debug|Any CPU
		{8EDB993A-A284-4977-A7FF-DD39F75BF957}.Debug|Any CPU.Build.0 = Debug|Any CPU
		{8EDB993A-A284-4977-A7FF-DD39F75BF957}.Release|Any CPU.ActiveCfg = Release|Any CPU
		{8EDB993A-A284-4977-A7FF-DD39F75BF957}.Release|Any CPU.Build.0 = Release|Any CPU
	EndGlobalSection
	GlobalSection(SolutionProperties) = preSolution
		HideSolutionNode = FALSE
	EndGlobalSection
	GlobalSection(ExtensibilityGlobals) = postSolution
		SolutionGuid = {96B20313-FE18-4666-A0E6-0AEC535174EF}
	EndGlobalSection
EndGlobal
