
Microsoft Visual Studio Solution File, Format Version 12.00
# Visual Studio Version 17
VisualStudioVersion = 17.5.002.0
MinimumVisualStudioVersion = 10.0.40219.1
Project("{9A19103F-16F7-4668-BE54-9A1E7A4F7556}") = "XperienceCommunity.RelationshipsExtended.Web.Admin", "XperienceCommunity.RelationshipsExtended.Admin\XperienceCommunity.RelationshipsExtended.Web.Admin.csproj", "{BFB71FDC-CAB4-4B68-BFCD-B5E361338C10}"
EndProject
Project("{9A19103F-16F7-4668-BE54-9A1E7A4F7556}") = "XperienceCommunity.RelationshipsExtended.Core", "XperienceCommunity.RelationshipsExtended.Core\XperienceCommunity.RelationshipsExtended.Core.csproj", "{6DC74178-FABD-46E2-A3EE-EEB57A29D635}"
EndProject
Global
	GlobalSection(SolutionConfigurationPlatforms) = preSolution
		Debug|Any CPU = Debug|Any CPU
		Release|Any CPU = Release|Any CPU
	EndGlobalSection
	GlobalSection(ProjectConfigurationPlatforms) = postSolution
		{BFB71FDC-CAB4-4B68-BFCD-B5E361338C10}.Debug|Any CPU.ActiveCfg = Debug|Any CPU
		{BFB71FDC-CAB4-4B68-BFCD-B5E361338C10}.Debug|Any CPU.Build.0 = Debug|Any CPU
		{BFB71FDC-CAB4-4B68-BFCD-B5E361338C10}.Release|Any CPU.ActiveCfg = Release|Any CPU
		{BFB71FDC-CAB4-4B68-BFCD-B5E361338C10}.Release|Any CPU.Build.0 = Release|Any CPU
		{6DC74178-FABD-46E2-A3EE-EEB57A29D635}.Debug|Any CPU.ActiveCfg = Debug|Any CPU
		{6DC74178-FABD-46E2-A3EE-EEB57A29D635}.Debug|Any CPU.Build.0 = Debug|Any CPU
		{6DC74178-FABD-46E2-A3EE-EEB57A29D635}.Release|Any CPU.ActiveCfg = Release|Any CPU
		{6DC74178-FABD-46E2-A3EE-EEB57A29D635}.Release|Any CPU.Build.0 = Release|Any CPU
	EndGlobalSection
	GlobalSection(SolutionProperties) = preSolution
		HideSolutionNode = FALSE
	EndGlobalSection
	GlobalSection(ExtensibilityGlobals) = postSolution
		SolutionGuid = {FF243508-D295-48B7-B73F-52D5E14EFB34}
	EndGlobalSection
EndGlobal
